<?xml version="1.0" encoding="utf-8"?>
<Project ToolsVersion="4.0" xmlns="http://schemas.microsoft.com/developer/msbuild/2003">
  <Import Project="LVGL.Core.vcxitems.filters" />
  <Import Project="LVGL.Demonstrations.vcxitems.filters" />
  <Import Project="LVGL.Drivers.vcxitems.filters" />
  <ItemGroup>
    <ClInclude Include="lv_conf.h" />
    <ClInclude Include="lv_drv_conf.h" />
    <ClInclude Include="App\App.h">
      <Filter>App</Filter>
    </ClInclude>
    <ClInclude Include="HAL\HAL.h">
      <Filter>HAL</Filter>
    </ClInclude>
    <ClInclude Include="App\Configs\Config.h">
      <Filter>App\Configs</Filter>
    </ClInclude>
    <ClInclude Include="App\Configs\Version.h">
      <Filter>App\Configs</Filter>
    </ClInclude>
    <ClInclude Include="Framework\PagesManger\PagesManager.h">
      <Filter>Framework\PagesManger</Filter>
    </ClInclude>
    <ClInclude Include="Framework\Resources\ResourcePool.h">
      <Filter>Framework\Resources</Filter>
    </ClInclude>
    <ClInclude Include="Framework\Notification\Notification.h">
      <Filter>Framework\Notification</Filter>
    </ClInclude>
    <ClInclude Include="Framework\Utils\AccountSystem\Account.h">
      <Filter>Framework\Utils\AccountSystem</Filter>
    </ClInclude>
  </ItemGroup>
  <ItemGroup>
    <ClInclude Include="lv_demo_conf.h" />
  </ItemGroup>
  <ItemGroup>
    <Manifest Include="LVGL.Simulator.manifest" />
  </ItemGroup>
  <ItemGroup>
    <ClInclude Include="Mile.Project.Properties.h" />
    <ClInclude Include="resource.h" />
  </ItemGroup>
  <ItemGroup>
    <ClCompile Include="LVGL.Simulator.cpp" />
    <ClCompile Include="App\App.cpp">
      <Filter>App</Filter>
    </ClCompile>
    <ClCompile Include="HAL\HAL.cpp">
      <Filter>HAL</Filter>
    </ClCompile>
  </ItemGroup>
  <ItemGroup>
    <ResourceCompile Include="LVGL.Simulator.rc" />
  </ItemGroup>
  <ItemGroup>
    <Image Include="LVGL.ico" />
  </ItemGroup>
  <ItemGroup>
    <None Include="freetype.props" />
  </ItemGroup>
  <ItemGroup>
    <Filter Include="App">
      <UniqueIdentifier>{f1488816-0422-498a-86d7-7791e6313fee}</UniqueIdentifier>
    </Filter>
    <Filter Include="HAL">
      <UniqueIdentifier>{4fe1c460-4d91-46ec-9050-28dc3604f6ee}</UniqueIdentifier>
    </Filter>
    <Filter Include="App\Configs">
      <UniqueIdentifier>{3c060dd0-8e6d-4c30-b1ae-561dfaa75b55}</UniqueIdentifier>
    </Filter>
    <Filter Include="Framework">
      <UniqueIdentifier>{32b3c14b-ddbd-45b6-a6d2-594da066a923}</UniqueIdentifier>
    </Filter>
    <Filter Include="Framework\Utils">
      <UniqueIdentifier>{028f30a3-0be8-466d-9b15-d194047753fe}</UniqueIdentifier>
    </Filter>
    <Filter Include="Framework\Notification">
      <UniqueIdentifier>{6da51d4b-ea42-4d22-b9e7-d841b8b14fef}</UniqueIdentifier>
    </Filter>
    <Filter Include="Framework\Resources">
      <UniqueIdentifier>{9ee47e66-4160-4be6-8f06-c6793c858f94}</UniqueIdentifier>
    </Filter>
    <Filter Include="Framework\PagesManger">
      <UniqueIdentifier>{77b819a3-51de-4747-ba5f-eb1e5d24dffe}</UniqueIdentifier>
    </Filter>
    <Filter Include="Framework\PagesManger\StartUp">
      <UniqueIdentifier>{82970dd1-7808-466e-973d-e816219986e4}</UniqueIdentifier>
    </Filter>
    <Filter Include="Framework\Utils\AccountSystem">
      <UniqueIdentifier>{fe1bb529-67f3-4c03-b8d9-61afffc50b2d}</UniqueIdentifier>
    </Filter>
  </ItemGroup>
</Project>