<?xml version="1.0" encoding="utf-8"?>
<Project ToolsVersion="4.0" xmlns="http://schemas.microsoft.com/developer/msbuild/2003">
  <Import Project="LVGL.Core.vcxitems.filters" />
  <Import Project="LVGL.Demonstrations.vcxitems.filters" />
  <Import Project="LVGL.Drivers.vcxitems.filters" />
  <ItemGroup>
    <ClInclude Include="lv_conf.h" />
    <ClInclude Include="lv_drv_conf.h" />
    <ClInclude Include="App\App.h">
      <Filter>App</Filter>
    </ClInclude>
    <ClInclude Include="HAL\HAL.h">
      <Filter>HAL</Filter>
    </ClInclude>
    <ClInclude Include="App\Configs\Config.h">
      <Filter>App\Configs</Filter>
    </ClInclude>
    <ClInclude Include="App\Configs\Version.h">
      <Filter>App\Configs</Filter>
    </ClInclude>
    <ClInclude Include="Framework\Notification\Notification.h">
      <Filter>Framework\Notification</Filter>
    </ClInclude>
    <ClInclude Include="Framework\Utils\AccountSystem\Account.h">
      <Filter>Framework\Utils\AccountSystem</Filter>
    </ClInclude>
    <ClInclude Include="Port\Display.h">
      <Filter>Port</Filter>
    </ClInclude>
    <ClInclude Include="Framework\Pages\AppFactory.h">
      <Filter>Framework\Pages</Filter>
    </ClInclude>
    <ClInclude Include="Framework\Pages\_Template\Template.h">
      <Filter>Framework\Pages\_Template</Filter>
    </ClInclude>
    <ClInclude Include="Framework\Pages\Page.h">
      <Filter>Framework\Pages</Filter>
    </ClInclude>
    <ClInclude Include="Framework\Pages\_Template\TemplateView.h">
      <Filter>Framework\Pages\_Template</Filter>
    </ClInclude>
    <ClInclude Include="Framework\Pages\_Template\TemplateModel.h">
      <Filter>Framework\Pages\_Template</Filter>
    </ClInclude>
    <ClInclude Include="Framework\ResourceManager\ResourceManager.h">
      <Filter>Framework\ResourceManager</Filter>
    </ClInclude>
    <ClInclude Include="Framework\ResourceManager\RM_Log.h">
      <Filter>Framework\ResourceManager</Filter>
    </ClInclude>
    <ClInclude Include="Framework\Pages\StartUp\StartUp.h">
      <Filter>Framework\Pages\StartUp</Filter>
    </ClInclude>
    <ClInclude Include="Framework\Pages\StartUp\StartUpView.h">
      <Filter>Framework\Pages\StartUp</Filter>
    </ClInclude>
    <ClInclude Include="Framework\Pages\StartUp\StartUpModel.h">
      <Filter>Framework\Pages\StartUp</Filter>
    </ClInclude>
    <ClInclude Include="Framework\Resources\ResourcePool.h">
      <Filter>Framework\Resources</Filter>
    </ClInclude>
    <ClInclude Include="Framework\PageManager\PageBase.h">
      <Filter>Framework\PageManager</Filter>
    </ClInclude>
    <ClInclude Include="Framework\PageManager\PageFactory.h">
      <Filter>Framework\PageManager</Filter>
    </ClInclude>
    <ClInclude Include="Framework\PageManager\PageManager.h">
      <Filter>Framework\PageManager</Filter>
    </ClInclude>
    <ClInclude Include="Framework\PageManager\PM_Log.h">
      <Filter>Framework\PageManager</Filter>
    </ClInclude>
    <ClInclude Include="Framework\Utils\AccountSystem\PingPongBuffer\PingPongBuffer.h">
      <Filter>Framework\Utils\AccountSystem\PingPongBuffer</Filter>
    </ClInclude>
    <ClInclude Include="Framework\Utils\AccountSystem\AccountBroker.h">
      <Filter>Framework\Utils\AccountSystem</Filter>
    </ClInclude>
    <ClInclude Include="Framework\Utils\AccountSystem\AC_Log.h">
      <Filter>Framework\Utils\AccountSystem</Filter>
    </ClInclude>
    <ClInclude Include="App\Accounts\Account_Master.h">
      <Filter>App\Accounts</Filter>
    </ClInclude>
    <ClInclude Include="App\Accounts\ACT_Def.h">
      <Filter>App\Accounts</Filter>
    </ClInclude>
    <ClInclude Include="HAL\HAL_Def.h">
      <Filter>HAL</Filter>
    </ClInclude>
    <ClInclude Include="Framework\Utils\lv_ext\lv_anim_timeline_wrapper.h">
      <Filter>Framework\Utils\lv_ext</Filter>
    </ClInclude>
    <ClInclude Include="Framework\Utils\lv_ext\lv_label_anim_effect.h">
      <Filter>Framework\Utils\lv_ext</Filter>
    </ClInclude>
    <ClInclude Include="Framework\Utils\lv_ext\lv_obj_ext_func.h">
      <Filter>Framework\Utils\lv_ext</Filter>
    </ClInclude>
    <ClInclude Include="Framework\Pages\StatusBar\StatusBar.h">
      <Filter>Framework\Pages\StatusBar</Filter>
    </ClInclude>
    <ClInclude Include="Framework\Utils\Filters\FilterBase.h">
      <Filter>Framework\Utils\Filters</Filter>
    </ClInclude>
    <ClInclude Include="Framework\Utils\Filters\Filters.h">
      <Filter>Framework\Utils\Filters</Filter>
    </ClInclude>
    <ClInclude Include="Framework\Utils\Filters\HysteresisFilter.h">
      <Filter>Framework\Utils\Filters</Filter>
    </ClInclude>
    <ClInclude Include="Framework\Utils\Filters\LowpassFilter.h">
      <Filter>Framework\Utils\Filters</Filter>
    </ClInclude>
    <ClInclude Include="Framework\Utils\Filters\MedianFilter.h">
      <Filter>Framework\Utils\Filters</Filter>
    </ClInclude>
    <ClInclude Include="Framework\Utils\Filters\MedianQueueFilter.h">
      <Filter>Framework\Utils\Filters</Filter>
    </ClInclude>
    <ClInclude Include="Framework\Utils\Filters\SlidingFilter.h">
      <Filter>Framework\Utils\Filters</Filter>
    </ClInclude>
  </ItemGroup>
  <ItemGroup>
    <ClInclude Include="lv_demo_conf.h" />
  </ItemGroup>
  <ItemGroup>
    <Manifest Include="LVGL.Simulator.manifest" />
  </ItemGroup>
  <ItemGroup>
    <ClInclude Include="Mile.Project.Properties.h" />
    <ClInclude Include="resource.h" />
  </ItemGroup>
  <ItemGroup>
    <ClCompile Include="LVGL.Simulator.cpp" />
    <ClCompile Include="App\App.cpp">
      <Filter>App</Filter>
    </ClCompile>
    <ClCompile Include="HAL\HAL.cpp">
      <Filter>HAL</Filter>
    </ClCompile>
    <ClCompile Include="Port\Display.cpp">
      <Filter>Port</Filter>
    </ClCompile>
    <ClCompile Include="Framework\Pages\AppFactroy.cpp">
      <Filter>Framework\Pages</Filter>
    </ClCompile>
    <ClCompile Include="Framework\Pages\_Template\Template.cpp">
      <Filter>Framework\Pages\_Template</Filter>
    </ClCompile>
    <ClCompile Include="Framework\Pages\_Template\TemplateView.cpp">
      <Filter>Framework\Pages\_Template</Filter>
    </ClCompile>
    <ClCompile Include="Framework\Pages\_Template\TemplateModel.cpp">
      <Filter>Framework\Pages\_Template</Filter>
    </ClCompile>
    <ClCompile Include="Framework\ResourceManager\ResourceManager.cpp">
      <Filter>Framework\ResourceManager</Filter>
    </ClCompile>
    <ClCompile Include="Framework\Pages\StartUp\StartUp.cpp">
      <Filter>Framework\Pages\StartUp</Filter>
    </ClCompile>
    <ClCompile Include="Framework\Pages\StartUp\StartUpView.cpp">
      <Filter>Framework\Pages\StartUp</Filter>
    </ClCompile>
    <ClCompile Include="Framework\Pages\StartUp\StartUpModel.cpp">
      <Filter>Framework\Pages\StartUp</Filter>
    </ClCompile>
    <ClCompile Include="Framework\Resources\ResourcePool.cpp">
      <Filter>Framework\Resources</Filter>
    </ClCompile>
    <ClCompile Include="Framework\Resources\Font\font_agencyb_36.c">
      <Filter>Framework\Resources\Font</Filter>
    </ClCompile>
    <ClCompile Include="Framework\Resources\Font\font_bahnschrift_13.c">
      <Filter>Framework\Resources\Font</Filter>
    </ClCompile>
    <ClCompile Include="Framework\Resources\Font\font_bahnschrift_17.c">
      <Filter>Framework\Resources\Font</Filter>
    </ClCompile>
    <ClCompile Include="Framework\Resources\Font\font_bahnschrift_32.c">
      <Filter>Framework\Resources\Font</Filter>
    </ClCompile>
    <ClCompile Include="Framework\Resources\Font\font_bahnschrift_65.c">
      <Filter>Framework\Resources\Font</Filter>
    </ClCompile>
    <ClCompile Include="Framework\Resources\Image\img_src_start.c">
      <Filter>Framework\Resources\Image</Filter>
    </ClCompile>
    <ClCompile Include="Framework\Resources\Image\img_src_compass.c">
      <Filter>Framework\Resources\Image</Filter>
    </ClCompile>
    <ClCompile Include="Framework\Resources\Image\img_src_gyroscope.c">
      <Filter>Framework\Resources\Image</Filter>
    </ClCompile>
    <ClCompile Include="Framework\Resources\Image\img_src_menu.c">
      <Filter>Framework\Resources\Image</Filter>
    </ClCompile>
    <ClCompile Include="Framework\Resources\Image\img_src_pause.c">
      <Filter>Framework\Resources\Image</Filter>
    </ClCompile>
    <ClCompile Include="Framework\Resources\Image\img_src_satellite.c">
      <Filter>Framework\Resources\Image</Filter>
    </ClCompile>
    <ClCompile Include="Framework\Resources\Image\img_src_stop.c">
      <Filter>Framework\Resources\Image</Filter>
    </ClCompile>
    <ClCompile Include="Framework\Resources\Image\img_src_system_info.c">
      <Filter>Framework\Resources\Image</Filter>
    </ClCompile>
    <ClCompile Include="Framework\Resources\Image\img_src_time_info.c">
      <Filter>Framework\Resources\Image</Filter>
    </ClCompile>
    <ClCompile Include="Framework\Resources\Image\img_src_trip.c">
      <Filter>Framework\Resources\Image</Filter>
    </ClCompile>
    <ClCompile Include="Framework\PageManager\PageManagerAnim.cpp">
      <Filter>Framework\PageManager</Filter>
    </ClCompile>
    <ClCompile Include="Framework\PageManager\PageManagerBase.cpp">
      <Filter>Framework\PageManager</Filter>
    </ClCompile>
    <ClCompile Include="Framework\PageManager\PageManagerDrag.cpp">
      <Filter>Framework\PageManager</Filter>
    </ClCompile>
    <ClCompile Include="Framework\PageManager\PageManagerRoute.cpp">
      <Filter>Framework\PageManager</Filter>
    </ClCompile>
    <ClCompile Include="Framework\PageManager\PageManagerState.cpp">
      <Filter>Framework\PageManager</Filter>
    </ClCompile>
    <ClCompile Include="Framework\Utils\AccountSystem\Account.cpp">
      <Filter>Framework\Utils\AccountSystem</Filter>
    </ClCompile>
    <ClCompile Include="Framework\Utils\AccountSystem\PingPongBuffer\PingPongBuffer.c">
      <Filter>Framework\Utils\AccountSystem\PingPongBuffer</Filter>
    </ClCompile>
    <ClCompile Include="Framework\Utils\AccountSystem\AccountBroker.cpp">
      <Filter>Framework\Utils\AccountSystem</Filter>
    </ClCompile>
    <ClCompile Include="App\Accounts\Account_Master.cpp">
      <Filter>App\Accounts</Filter>
    </ClCompile>
    <ClCompile Include="App\Accounts\ACT_SysConfig.cpp">
      <Filter>App\Accounts</Filter>
    </ClCompile>
    <ClCompile Include="HAL\HAL_Backlight.cpp">
      <Filter>HAL</Filter>
    </ClCompile>
    <ClCompile Include="HAL\HAL_Bluetooth.cpp">
      <Filter>HAL</Filter>
    </ClCompile>
    <ClCompile Include="HAL\HAL_I2C_Scan.cpp">
      <Filter>HAL</Filter>
    </ClCompile>
    <ClCompile Include="HAL\HAL_IMU.cpp">
      <Filter>HAL</Filter>
    </ClCompile>
    <ClCompile Include="HAL\HAL_SdCard.cpp">
      <Filter>HAL</Filter>
    </ClCompile>
    <ClCompile Include="HAL\HAL_Buzz.cpp">
      <Filter>HAL</Filter>
    </ClCompile>
    <ClCompile Include="HAL\HAL_Encoder.cpp">
      <Filter>HAL</Filter>
    </ClCompile>
    <ClCompile Include="HAL\HAL_Audio.cpp">
      <Filter>HAL</Filter>
    </ClCompile>
    <ClCompile Include="HAL\HAL_Power.cpp">
      <Filter>HAL</Filter>
    </ClCompile>
    <ClCompile Include="Framework\Utils\lv_ext\lv_anim_timeline_wrapper.c">
      <Filter>Framework\Utils\lv_ext</Filter>
    </ClCompile>
    <ClCompile Include="Framework\Utils\lv_ext\lv_label_anim_effect.cpp">
      <Filter>Framework\Utils\lv_ext</Filter>
    </ClCompile>
    <ClCompile Include="Framework\Utils\lv_ext\lv_obj_ext_func.cpp">
      <Filter>Framework\Utils\lv_ext</Filter>
    </ClCompile>
    <ClCompile Include="Framework\Pages\StatusBar\StatusBar.cpp">
      <Filter>Framework\Pages\StatusBar</Filter>
    </ClCompile>
    <ClCompile Include="Framework\Resources\Image\img_src_alarm.c">
      <Filter>Framework\Resources\Image</Filter>
    </ClCompile>
    <ClCompile Include="Framework\Resources\Image\img_src_arm.c">
      <Filter>Framework\Resources\Image</Filter>
    </ClCompile>
    <ClCompile Include="Framework\Resources\Image\img_src_battery.c">
      <Filter>Framework\Resources\Image</Filter>
    </ClCompile>
    <ClCompile Include="Framework\Resources\Image\img_src_battery_info.c">
      <Filter>Framework\Resources\Image</Filter>
    </ClCompile>
    <ClCompile Include="Framework\Resources\Image\img_src_bicycle.c">
      <Filter>Framework\Resources\Image</Filter>
    </ClCompile>
    <ClCompile Include="Framework\Resources\Image\img_src_bluetooth.c">
      <Filter>Framework\Resources\Image</Filter>
    </ClCompile>
    <ClCompile Include="Framework\Resources\Image\img_src_gps_arrow_dark.c">
      <Filter>Framework\Resources\Image</Filter>
    </ClCompile>
    <ClCompile Include="Framework\Resources\Image\img_src_gps_arrow_default.c">
      <Filter>Framework\Resources\Image</Filter>
    </ClCompile>
    <ClCompile Include="Framework\Resources\Image\img_src_gps_arrow_light.c">
      <Filter>Framework\Resources\Image</Filter>
    </ClCompile>
    <ClCompile Include="Framework\Resources\Image\img_src_gps_pin.c">
      <Filter>Framework\Resources\Image</Filter>
    </ClCompile>
    <ClCompile Include="Framework\Resources\Image\img_src_joints.c">
      <Filter>Framework\Resources\Image</Filter>
    </ClCompile>
    <ClCompile Include="Framework\Resources\Image\img_src_locate.c">
      <Filter>Framework\Resources\Image</Filter>
    </ClCompile>
    <ClCompile Include="Framework\Resources\Image\img_src_map_location.c">
      <Filter>Framework\Resources\Image</Filter>
    </ClCompile>
    <ClCompile Include="Framework\Resources\Image\img_src_origin_point.c">
      <Filter>Framework\Resources\Image</Filter>
    </ClCompile>
    <ClCompile Include="Framework\Resources\Image\img_src_pose6d.c">
      <Filter>Framework\Resources\Image</Filter>
    </ClCompile>
    <ClCompile Include="Framework\Resources\Image\img_src_sd_card.c">
      <Filter>Framework\Resources\Image</Filter>
    </ClCompile>
    <ClCompile Include="Framework\Resources\Image\img_src_storage.c">
      <Filter>Framework\Resources\Image</Filter>
    </ClCompile>
    <ClCompile Include="App\Accounts\ACT_IMU.cpp">
      <Filter>App\Accounts</Filter>
    </ClCompile>
    <ClCompile Include="App\Accounts\ACT_MusicPlayer.cpp">
      <Filter>App\Accounts</Filter>
    </ClCompile>
    <ClCompile Include="App\Accounts\ACT_Power.cpp">
      <Filter>App\Accounts</Filter>
    </ClCompile>
  </ItemGroup>
  <ItemGroup>
    <ResourceCompile Include="LVGL.Simulator.rc" />
  </ItemGroup>
  <ItemGroup>
    <Image Include="LVGL.ico" />
  </ItemGroup>
  <ItemGroup>
    <None Include="freetype.props" />
    <None Include="App\Accounts\_ACT_LIST.inc">
      <Filter>App\Accounts</Filter>
    </None>
  </ItemGroup>
  <ItemGroup>
    <Filter Include="App">
      <UniqueIdentifier>{f1488816-0422-498a-86d7-7791e6313fee}</UniqueIdentifier>
    </Filter>
    <Filter Include="HAL">
      <UniqueIdentifier>{4fe1c460-4d91-46ec-9050-28dc3604f6ee}</UniqueIdentifier>
    </Filter>
    <Filter Include="App\Configs">
      <UniqueIdentifier>{3c060dd0-8e6d-4c30-b1ae-561dfaa75b55}</UniqueIdentifier>
    </Filter>
    <Filter Include="Framework">
      <UniqueIdentifier>{32b3c14b-ddbd-45b6-a6d2-594da066a923}</UniqueIdentifier>
    </Filter>
    <Filter Include="Framework\Utils">
      <UniqueIdentifier>{028f30a3-0be8-466d-9b15-d194047753fe}</UniqueIdentifier>
    </Filter>
    <Filter Include="Framework\Notification">
      <UniqueIdentifier>{6da51d4b-ea42-4d22-b9e7-d841b8b14fef}</UniqueIdentifier>
    </Filter>
    <Filter Include="Framework\Utils\AccountSystem">
      <UniqueIdentifier>{fe1bb529-67f3-4c03-b8d9-61afffc50b2d}</UniqueIdentifier>
    </Filter>
    <Filter Include="Framework\Pages">
      <UniqueIdentifier>{200bab32-c58b-4056-902b-dd9c5df8d480}</UniqueIdentifier>
    </Filter>
    <Filter Include="Port">
      <UniqueIdentifier>{90419df1-f86f-46bf-b3bc-71cd99de7a71}</UniqueIdentifier>
    </Filter>
    <Filter Include="Framework\Pages\StartUp">
      <UniqueIdentifier>{1f2cb3ed-d38a-4f05-9d1b-6a0697074ea0}</UniqueIdentifier>
    </Filter>
    <Filter Include="Framework\Pages\_Template">
      <UniqueIdentifier>{0f8de1bf-c58b-4a2e-9fd9-22d4d898744e}</UniqueIdentifier>
    </Filter>
    <Filter Include="App\Pages">
      <UniqueIdentifier>{7efb68cb-8895-4036-b519-ea7932270529}</UniqueIdentifier>
    </Filter>
    <Filter Include="Framework\ResourceManager">
      <UniqueIdentifier>{70b84f9c-3fbd-4de0-8275-1d5ad3f44cf6}</UniqueIdentifier>
    </Filter>
    <Filter Include="Framework\Resources">
      <UniqueIdentifier>{46a74c8d-c903-4593-8179-6271ac1897d2}</UniqueIdentifier>
    </Filter>
    <Filter Include="Framework\Resources\Font">
      <UniqueIdentifier>{0145a4ee-b651-4b13-bbb4-e88b5003b0af}</UniqueIdentifier>
    </Filter>
    <Filter Include="Framework\Resources\Image">
      <UniqueIdentifier>{e24fe901-4519-47f9-b089-6219dfc6d2a7}</UniqueIdentifier>
    </Filter>
    <Filter Include="Framework\PageManager">
      <UniqueIdentifier>{b66d2316-0a83-4b0f-8ada-790ba9f0e91b}</UniqueIdentifier>
    </Filter>
    <Filter Include="Framework\Utils\AccountSystem\PingPongBuffer">
      <UniqueIdentifier>{aa353f40-2895-43ab-8138-8bf53968dc82}</UniqueIdentifier>
    </Filter>
    <Filter Include="App\Accounts">
      <UniqueIdentifier>{a38e1b15-b816-4e76-b8bf-05c4e1d2a50d}</UniqueIdentifier>
    </Filter>
    <Filter Include="Framework\Utils\lv_ext">
      <UniqueIdentifier>{a6feb4a0-a58c-478b-9e54-86a72aaa3cee}</UniqueIdentifier>
    </Filter>
    <Filter Include="Framework\Pages\StatusBar">
      <UniqueIdentifier>{88a3e958-95a8-4750-8741-2100aff30fe0}</UniqueIdentifier>
    </Filter>
    <Filter Include="Framework\Utils\Filters">
      <UniqueIdentifier>{f90eeb15-30e3-437a-b702-e4341b8efef0}</UniqueIdentifier>
    </Filter>
  </ItemGroup>
</Project>